
Microsoft Visual Studio Solution File, Format Version 12.00
Project("{FAE04EC0-301F-11D3-BF4B-00C04F79EFBC}") = "WebApi", "src\WebApi\WebApi.csproj", "{4352A7EA-C11D-4988-81EC-4019E2CFCCE8}"
EndProject
Project("{FAE04EC0-301F-11D3-BF4B-00C04F79EFBC}") = "Core", "src\Core\Core.csproj", "{E2B8EE4B-7848-499A-85B7-38622385C7B1}"
EndProject
Project("{2150E333-8FDC-42A3-9474-1A3956D46DE8}") = "src", "src", "{0ECB3CE7-2B4E-49A5-913C-A9CD50C5F673}"
EndProject
Project("{FAE04EC0-301F-11D3-BF4B-00C04F79EFBC}") = "Application", "src\Application\Application.csproj", "{BCFFD1EB-32C5-4AE4-96D6-A6B930120D18}"
EndProject
Project("{FAE04EC0-301F-11D3-BF4B-00C04F79EFBC}") = "Infrastructure", "src\Infrastructure\Infrastructure.csproj", "{FD3E6013-F774-4191-975D-2D58D7A6649D}"
EndProject
Project("{2150E333-8FDC-42A3-9474-1A3956D46DE8}") = "tests", "tests", "{58713DCC-E35F-4CDA-BD54-3B812E2D63AA}"
EndProject
Project("{FAE04EC0-301F-11D3-BF4B-00C04F79EFBC}") = "UnitTests", "tests\UnitTests\UnitTests.csproj", "{64D5CA0D-60CC-44AB-B8C0-AB2F97DFB2D0}"
EndProject
Project("{2150E333-8FDC-42A3-9474-1A3956D46DE8}") = "Solution Itens", "Solution Itens", "{9FDE2D4D-A822-41EF-9028-0C8F73A067A6}"
	ProjectSection(SolutionItems) = preProject
		docker-compose.yml = docker-compose.yml
	EndProjectSection
EndProject
Global
	GlobalSection(SolutionConfigurationPlatforms) = preSolution
		Debug|Any CPU = Debug|Any CPU
		Release|Any CPU = Release|Any CPU
	EndGlobalSection
	GlobalSection(ProjectConfigurationPlatforms) = postSolution
		{4352A7EA-C11D-4988-81EC-4019E2CFCCE8}.Debug|Any CPU.ActiveCfg = Debug|Any CPU
		{4352A7EA-C11D-4988-81EC-4019E2CFCCE8}.Debug|Any CPU.Build.0 = Debug|Any CPU
		{4352A7EA-C11D-4988-81EC-4019E2CFCCE8}.Release|Any CPU.ActiveCfg = Release|Any CPU
		{4352A7EA-C11D-4988-81EC-4019E2CFCCE8}.Release|Any CPU.Build.0 = Release|Any CPU
		{E2B8EE4B-7848-499A-85B7-38622385C7B1}.Debug|Any CPU.ActiveCfg = Debug|Any CPU
		{E2B8EE4B-7848-499A-85B7-38622385C7B1}.Debug|Any CPU.Build.0 = Debug|Any CPU
		{E2B8EE4B-7848-499A-85B7-38622385C7B1}.Release|Any CPU.ActiveCfg = Release|Any CPU
		{E2B8EE4B-7848-499A-85B7-38622385C7B1}.Release|Any CPU.Build.0 = Release|Any CPU
		{BCFFD1EB-32C5-4AE4-96D6-A6B930120D18}.Debug|Any CPU.ActiveCfg = Debug|Any CPU
		{BCFFD1EB-32C5-4AE4-96D6-A6B930120D18}.Debug|Any CPU.Build.0 = Debug|Any CPU
		{BCFFD1EB-32C5-4AE4-96D6-A6B930120D18}.Release|Any CPU.ActiveCfg = Release|Any CPU
		{BCFFD1EB-32C5-4AE4-96D6-A6B930120D18}.Release|Any CPU.Build.0 = Release|Any CPU
		{FD3E6013-F774-4191-975D-2D58D7A6649D}.Debug|Any CPU.ActiveCfg = Debug|Any CPU
		{FD3E6013-F774-4191-975D-2D58D7A6649D}.Debug|Any CPU.Build.0 = Debug|Any CPU
		{FD3E6013-F774-4191-975D-2D58D7A6649D}.Release|Any CPU.ActiveCfg = Release|Any CPU
		{FD3E6013-F774-4191-975D-2D58D7A6649D}.Release|Any CPU.Build.0 = Release|Any CPU
		{64D5CA0D-60CC-44AB-B8C0-AB2F97DFB2D0}.Debug|Any CPU.ActiveCfg = Debug|Any CPU
		{64D5CA0D-60CC-44AB-B8C0-AB2F97DFB2D0}.Debug|Any CPU.Build.0 = Debug|Any CPU
		{64D5CA0D-60CC-44AB-B8C0-AB2F97DFB2D0}.Release|Any CPU.ActiveCfg = Release|Any CPU
		{64D5CA0D-60CC-44AB-B8C0-AB2F97DFB2D0}.Release|Any CPU.Build.0 = Release|Any CPU
	EndGlobalSection
	GlobalSection(NestedProjects) = preSolution
		{E2B8EE4B-7848-499A-85B7-38622385C7B1} = {0ECB3CE7-2B4E-49A5-913C-A9CD50C5F673}
		{4352A7EA-C11D-4988-81EC-4019E2CFCCE8} = {0ECB3CE7-2B4E-49A5-913C-A9CD50C5F673}
		{BCFFD1EB-32C5-4AE4-96D6-A6B930120D18} = {0ECB3CE7-2B4E-49A5-913C-A9CD50C5F673}
		{FD3E6013-F774-4191-975D-2D58D7A6649D} = {0ECB3CE7-2B4E-49A5-913C-A9CD50C5F673}
		{64D5CA0D-60CC-44AB-B8C0-AB2F97DFB2D0} = {58713DCC-E35F-4CDA-BD54-3B812E2D63AA}
	EndGlobalSection
EndGlobal
